
Microsoft Visual Studio Solution File, Format Version 12.00
# Visual Studio 15
VisualStudioVersion = 15.0.27004.2009
MinimumVisualStudioVersion = 10.0.40219.1
Project("{8BC9CEB8-8B4A-11D0-8D11-00A0C91BC942}") = "MPU9250", "MPU9250\MPU9250.vcxitems", "{C18D1B21-5995-48F5-A568-C73CB667BEE6}"
EndProject
Project("{8BC9CEB8-8B4A-11D0-8D11-00A0C91BC942}") = "Common", "Common\Common.vcxitems", "{579EB5CC-01F7-403E-B5AD-29A3921D69FF}"
EndProject
Project("{2150E333-8FDC-42A3-9474-1A3956D46DE8}") = "Solution Items", "Solution Items", "{7B6EE623-3A25-4A90-A198-4BC524467275}"
	ProjectSection(SolutionItems) = preProject
		README.md = README.md
	EndProjectSection
EndProject
Project("{8BC9CEB8-8B4A-11D0-8D11-00A0C91BC942}") = "MPU9250_Basic", "MPU9250_Basic\MPU9250_Basic.vcxproj", "{C5F80730-F44F-4478-BDAE-6634EFC2CA88}"
EndProject
Project("{8BC9CEB8-8B4A-11D0-8D11-00A0C91BC942}") = "MPU9250_Basic_Interrupt", "MPU9250_Basic_Interrupt\MPU9250_Basic_Interrupt.vcxproj", "{F6534689-E42C-4EED-8C26-D5AE4FEF294F}"
EndProject
Project("{8BC9CEB8-8B4A-11D0-8D11-00A0C91BC942}") = "MPU9250_FIFO_Basic", "MPU9250_FIFO_Basic\MPU9250_FIFO_Basic.vcxproj", "{88558613-BDBE-4121-96B3-FE3F4C4DFF85}"
EndProject
Global
	GlobalSection(SharedMSBuildProjectFiles) = preSolution
		Common\Common.vcxitems*{579eb5cc-01f7-403e-b5ad-29a3921d69ff}*SharedItemsImports = 9
		Common\Common.vcxitems*{88558613-bdbe-4121-96b3-fe3f4c4dff85}*SharedItemsImports = 4
		MPU9250\MPU9250.vcxitems*{88558613-bdbe-4121-96b3-fe3f4c4dff85}*SharedItemsImports = 4
		MPU9250\MPU9250.vcxitems*{c18d1b21-5995-48f5-a568-c73cb667bee6}*SharedItemsImports = 9
		Common\Common.vcxitems*{c5f80730-f44f-4478-bdae-6634efc2ca88}*SharedItemsImports = 4
		MPU9250\MPU9250.vcxitems*{c5f80730-f44f-4478-bdae-6634efc2ca88}*SharedItemsImports = 4
		Common\Common.vcxitems*{f6534689-e42c-4eed-8c26-d5ae4fef294f}*SharedItemsImports = 4
		MPU9250\MPU9250.vcxitems*{f6534689-e42c-4eed-8c26-d5ae4fef294f}*SharedItemsImports = 4
	EndGlobalSection
	GlobalSection(SolutionConfigurationPlatforms) = preSolution
		Debug|x86 = Debug|x86
		Release|x86 = Release|x86
	EndGlobalSection
	GlobalSection(ProjectConfigurationPlatforms) = postSolution
		{C5F80730-F44F-4478-BDAE-6634EFC2CA88}.Debug|x86.ActiveCfg = Debug|Win32
		{C5F80730-F44F-4478-BDAE-6634EFC2CA88}.Debug|x86.Build.0 = Debug|Win32
		{C5F80730-F44F-4478-BDAE-6634EFC2CA88}.Release|x86.ActiveCfg = Release|Win32
		{C5F80730-F44F-4478-BDAE-6634EFC2CA88}.Release|x86.Build.0 = Release|Win32
		{F6534689-E42C-4EED-8C26-D5AE4FEF294F}.Debug|x86.ActiveCfg = Debug|Win32
		{F6534689-E42C-4EED-8C26-D5AE4FEF294F}.Debug|x86.Build.0 = Debug|Win32
		{F6534689-E42C-4EED-8C26-D5AE4FEF294F}.Release|x86.ActiveCfg = Release|Win32
		{F6534689-E42C-4EED-8C26-D5AE4FEF294F}.Release|x86.Build.0 = Release|Win32
		{88558613-BDBE-4121-96B3-FE3F4C4DFF85}.Debug|x86.ActiveCfg = Debug|Win32
		{88558613-BDBE-4121-96B3-FE3F4C4DFF85}.Debug|x86.Build.0 = Debug|Win32
		{88558613-BDBE-4121-96B3-FE3F4C4DFF85}.Release|x86.ActiveCfg = Release|Win32
		{88558613-BDBE-4121-96B3-FE3F4C4DFF85}.Release|x86.Build.0 = Release|Win32
	EndGlobalSection
	GlobalSection(SolutionProperties) = preSolution
		HideSolutionNode = FALSE
	EndGlobalSection
	GlobalSection(ExtensibilityGlobals) = postSolution
		SolutionGuid = {A84B6626-0811-4B39-8979-B23E7F651B3B}
	EndGlobalSection
EndGlobal
